PODS:
  - background_location (0.0.1):
    - Flutter
  - Flutter (1.0.0)
  - permission_handler (4.1.0):
    - Flutter

DEPENDENCIES:
  - background_location (from `.symlinks/plugins/background_location/ios`)
  - Flutter (from `.symlinks/flutter/ios`)
  - permission_handler (from `.symlinks/plugins/permission_handler/ios`)

EXTERNAL SOURCES:
  background_location:
    :path: ".symlinks/plugins/background_location/ios"
  Flutter:
    :path: ".symlinks/flutter/ios"
  permission_handler:
    :path: ".symlinks/plugins/permission_handler/ios"

SPEC CHECKSUMS:
  background_location: dcb73e9fd2d29c29b7d08d0dc945289b5c5e7cc4
  Flutter: 0e3d915762c693b495b44d77113d4970485de6ec
  permission_handler: b41310bab60fffbf8b5732cd9b4f565671d14762

PODFILE CHECKSUM: b6a0a141693093b304368d08511b46cf3d1d0ac5

COCOAPODS: 1.8.4
